// !$*UTF8*$!
{
	archiveVersion = 1;
	classes = {
	};
	objectVersion = 50;
	objects = {

/* Begin PBXBuildFile section */
		0D250C9B231C17F600F468E1 /* OrderListTableViewController.swift in Sources */ = {isa = PBXBuildFile; fileRef = 0D250C97231C17F500F468E1 /* OrderListTableViewController.swift */; };
		0D250C9C231C17F600F468E1 /* RegistrationViewController.swift in Sources */ = {isa = PBXBuildFile; fileRef = 0D250C98231C17F600F468E1 /* RegistrationViewController.swift */; };
		0D250C9D231C17F600F468E1 /* OrderListViewController.swift in Sources */ = {isa = PBXBuildFile; fileRef = 0D250C99231C17F600F468E1 /* OrderListViewController.swift */; };
		0D250C9E231C17F600F468E1 /* FirstTimeRegistrationViewController.swift in Sources */ = {isa = PBXBuildFile; fileRef = 0D250C9A231C17F600F468E1 /* FirstTimeRegistrationViewController.swift */; };
		1BE62534231788CD007F9704 /* AppDelegate.swift in Sources */ = {isa = PBXBuildFile; fileRef = 1BE62533231788CD007F9704 /* AppDelegate.swift */; };
		1BE62536231788CD007F9704 /* ProfilViewController.swift in Sources */ = {isa = PBXBuildFile; fileRef = 1BE62535231788CD007F9704 /* ProfilViewController.swift */; };
		1BE62539231788CD007F9704 /* Main.storyboard in Resources */ = {isa = PBXBuildFile; fileRef = 1BE62537231788CD007F9704 /* Main.storyboard */; };
		1BE6253B231788CE007F9704 /* Assets.xcassets in Resources */ = {isa = PBXBuildFile; fileRef = 1BE6253A231788CE007F9704 /* Assets.xcassets */; };
		1BE6253E231788CE007F9704 /* LaunchScreen.storyboard in Resources */ = {isa = PBXBuildFile; fileRef = 1BE6253C231788CE007F9704 /* LaunchScreen.storyboard */; };
/* End PBXBuildFile section */

/* Begin PBXFileReference section */
		0D250C97231C17F500F468E1 /* OrderListTableViewController.swift */ = {isa = PBXFileReference; fileEncoding = 4; lastKnownFileType = sourcecode.swift; path = OrderListTableViewController.swift; sourceTree = "<group>"; };
		0D250C98231C17F600F468E1 /* RegistrationViewController.swift */ = {isa = PBXFileReference; fileEncoding = 4; lastKnownFileType = sourcecode.swift; path = RegistrationViewController.swift; sourceTree = "<group>"; };
		0D250C99231C17F600F468E1 /* OrderListViewController.swift */ = {isa = PBXFileReference; fileEncoding = 4; lastKnownFileType = sourcecode.swift; path = OrderListViewController.swift; sourceTree = "<group>"; };
		0D250C9A231C17F600F468E1 /* FirstTimeRegistrationViewController.swift */ = {isa = PBXFileReference; fileEncoding = 4; lastKnownFileType = sourcecode.swift; path = FirstTimeRegistrationViewController.swift; sourceTree = "<group>"; };
		1BE62530231788CD007F9704 /* Kateruma.app */ = {isa = PBXFileReference; explicitFileType = wrapper.application; includeInIndex = 0; path = Kateruma.app; sourceTree = BUILT_PRODUCTS_DIR; };
		1BE62533231788CD007F9704 /* AppDelegate.swift */ = {isa = PBXFileReference; lastKnownFileType = sourcecode.swift; path = AppDelegate.swift; sourceTree = "<group>"; };
		1BE62535231788CD007F9704 /* ProfilViewController.swift */ = {isa = PBXFileReference; lastKnownFileType = sourcecode.swift; path = ProfilViewController.swift; sourceTree = "<group>"; };
		1BE62538231788CD007F9704 /* Base */ = {isa = PBXFileReference; lastKnownFileType = file.storyboard; name = Base; path = Base.lproj/Main.storyboard; sourceTree = "<group>"; };
		1BE6253A231788CE007F9704 /* Assets.xcassets */ = {isa = PBXFileReference; lastKnownFileType = folder.assetcatalog; path = Assets.xcassets; sourceTree = "<group>"; };
		1BE6253D231788CE007F9704 /* Base */ = {isa = PBXFileReference; lastKnownFileType = file.storyboard; name = Base; path = Base.lproj/LaunchScreen.storyboard; sourceTree = "<group>"; };
		1BE6253F231788CE007F9704 /* Info.plist */ = {isa = PBXFileReference; lastKnownFileType = text.plist.xml; path = Info.plist; sourceTree = "<group>"; };
/* End PBXFileReference section */

/* Begin PBXFrameworksBuildPhase section */
		1BE6252D231788CD007F9704 /* Frameworks */ = {
			isa = PBXFrameworksBuildPhase;
			buildActionMask = 2147483647;
			files = (
			);
			runOnlyForDeploymentPostprocessing = 0;
		};
/* End PBXFrameworksBuildPhase section */

/* Begin PBXGroup section */
		1BE62527231788CD007F9704 = {
			isa = PBXGroup;
			children = (
				1BE62532231788CD007F9704 /* Kateruma */,
				1BE62531231788CD007F9704 /* Products */,
			);
			sourceTree = "<group>";
		};
		1BE62531231788CD007F9704 /* Products */ = {
			isa = PBXGroup;
			children = (
				1BE62530231788CD007F9704 /* Kateruma.app */,
			);
			name = Products;
			sourceTree = "<group>";
		};
		1BE62532231788CD007F9704 /* Kateruma */ = {
			isa = PBXGroup;
			children = (
				1BE62533231788CD007F9704 /* AppDelegate.swift */,
				1BE62535231788CD007F9704 /* ProfilViewController.swift */,
				0D250C9A231C17F600F468E1 /* FirstTimeRegistrationViewController.swift */,
				0D250C99231C17F600F468E1 /* OrderListViewController.swift */,
				0D250C97231C17F500F468E1 /* OrderListTableViewController.swift */,
				0D250C98231C17F600F468E1 /* RegistrationViewController.swift */,
				1BE62537231788CD007F9704 /* Main.storyboard */,
				1BE6253A231788CE007F9704 /* Assets.xcassets */,
				1BE6253C231788CE007F9704 /* LaunchScreen.storyboard */,
				1BE6253F231788CE007F9704 /* Info.plist */,
			);
			path = Kateruma;
			sourceTree = "<group>";
		};
/* End PBXGroup section */

/* Begin PBXNativeTarget section */
		1BE6252F231788CD007F9704 /* Kateruma */ = {
			isa = PBXNativeTarget;
			buildConfigurationList = 1BE62542231788CE007F9704 /* Build configuration list for PBXNativeTarget "Kateruma" */;
			buildPhases = (
				1BE6252C231788CD007F9704 /* Sources */,
				1BE6252D231788CD007F9704 /* Frameworks */,
				1BE6252E231788CD007F9704 /* Resources */,
			);
			buildRules = (
			);
			dependencies = (
			);
			name = Kateruma;
			productName = Kateruma;
			productReference = 1BE62530231788CD007F9704 /* Kateruma.app */;
			productType = "com.apple.product-type.application";
		};
/* End PBXNativeTarget section */

/* Begin PBXProject section */
		1BE62528231788CD007F9704 /* Project object */ = {
			isa = PBXProject;
			attributes = {
				LastSwiftUpdateCheck = 1030;
				LastUpgradeCheck = 1030;
				ORGANIZATIONNAME = "Christian Widjaja";
				TargetAttributes = {
					1BE6252F231788CD007F9704 = {
						CreatedOnToolsVersion = 10.3;
					};
				};
			};
			buildConfigurationList = 1BE6252B231788CD007F9704 /* Build configuration list for PBXProject "Kateruma" */;
			compatibilityVersion = "Xcode 9.3";
			developmentRegion = en;
			hasScannedForEncodings = 0;
			knownRegions = (
				en,
				Base,
			);
			mainGroup = 1BE62527231788CD007F9704;
			productRefGroup = 1BE62531231788CD007F9704 /* Products */;
			projectDirPath = "";
			projectRoot = "";
			targets = (
				1BE6252F231788CD007F9704 /* Kateruma */,
			);
		};
/* End PBXProject section */

/* Begin PBXResourcesBuildPhase section */
		1BE6252E231788CD007F9704 /* Resources */ = {
			isa = PBXResourcesBuildPhase;
			buildActionMask = 2147483647;
			files = (
				1BE6253E231788CE007F9704 /* LaunchScreen.storyboard in Resources */,
				1BE6253B231788CE007F9704 /* Assets.xcassets in Resources */,
				1BE62539231788CD007F9704 /* Main.storyboard in Resources */,
			);
			runOnlyForDeploymentPostprocessing = 0;
		};
/* End PBXResourcesBuildPhase section */

/* Begin PBXSourcesBuildPhase section */
		1BE6252C231788CD007F9704 /* Sources */ = {
			isa = PBXSourcesBuildPhase;
			buildActionMask = 2147483647;
			files = (
				0D250C9C231C17F600F468E1 /* RegistrationViewController.swift in Sources */,
				0D250C9D231C17F600F468E1 /* OrderListViewController.swift in Sources */,
				0D250C9B231C17F600F468E1 /* OrderListTableViewController.swift in Sources */,
				0D250C9E231C17F600F468E1 /* FirstTimeRegistrationViewController.swift in Sources */,
				1BE62536231788CD007F9704 /* ProfilViewController.swift in Sources */,
				1BE62534231788CD007F9704 /* AppDelegate.swift in Sources */,
			);
			runOnlyForDeploymentPostprocessing = 0;
		};
/* End PBXSourcesBuildPhase section */

/* Begin PBXVariantGroup section */
		1BE62537231788CD007F9704 /* Main.storyboard */ = {
			isa = PBXVariantGroup;
			children = (
				1BE62538231788CD007F9704 /* Base */,
			);
			name = Main.storyboard;
			sourceTree = "<group>";
		};
		1BE6253C231788CE007F9704 /* LaunchScreen.storyboard */ = {
			isa = PBXVariantGroup;
			children = (
				1BE6253D231788CE007F9704 /* Base */,
			);
			name = LaunchScreen.storyboard;
			sourceTree = "<group>";
		};
/* End PBXVariantGroup section */

/* Begin XCBuildConfiguration section */
		1BE62540231788CE007F9704 /* Debug */ = {
			isa = XCBuildConfiguration;
			buildSettings = {
				ALWAYS_SEARCH_USER_PATHS = NO;
				CLANG_ANALYZER_NONNULL = YES;
				CLANG_ANALYZER_NUMBER_OBJECT_CONVERSION = YES_AGGRESSIVE;
				CLANG_CXX_LANGUAGE_STANDARD = "gnu++14";
				CLANG_CXX_LIBRARY = "libc++";
				CLANG_ENABLE_MODULES = YES;
				CLANG_ENABLE_OBJC_ARC = YES;
				CLANG_ENABLE_OBJC_WEAK = YES;
				CLANG_WARN_BLOCK_CAPTURE_AUTORELEASING = YES;
				CLANG_WARN_BOOL_CONVERSION = YES;
				CLANG_WARN_COMMA = YES;
				CLANG_WARN_CONSTANT_CONVERSION = YES;
				CLANG_WARN_DEPRECATED_OBJC_IMPLEMENTATIONS = YES;
				CLANG_WARN_DIRECT_OBJC_ISA_USAGE = YES_ERROR;
				CLANG_WARN_DOCUMENTATION_COMMENTS = YES;
				CLANG_WARN_EMPTY_BODY = YES;
				CLANG_WARN_ENUM_CONVERSION = YES;
				CLANG_WARN_INFINITE_RECURSION = YES;
				CLANG_WARN_INT_CONVERSION = YES;
				CLANG_WARN_NON_LITERAL_NULL_CONVERSION = YES;
				CLANG_WARN_OBJC_IMPLICIT_RETAIN_SELF = YES;
				CLANG_WARN_OBJC_LITERAL_CONVERSION = YES;
				CLANG_WARN_OBJC_ROOT_CLASS = YES_ERROR;
				CLANG_WARN_RANGE_LOOP_ANALYSIS = YES;
				CLANG_WARN_STRICT_PROTOTYPES = YES;
				CLANG_WARN_SUSPICIOUS_MOVE = YES;
				CLANG_WARN_UNGUARDED_AVAILABILITY = YES_AGGRESSIVE;
				CLANG_WARN_UNREACHABLE_CODE = YES;
				CLANG_WARN__DUPLICATE_METHOD_MATCH = YES;
				CODE_SIGN_IDENTITY = "iPhone Developer";
				COPY_PHASE_STRIP = NO;
				DEBUG_INFORMATION_FORMAT = dwarf;
				ENABLE_STRICT_OBJC_MSGSEND = YES;
				ENABLE_TESTABILITY = YES;
				GCC_C_LANGUAGE_STANDARD = gnu11;
				GCC_DYNAMIC_NO_PIC = NO;
				GCC_NO_COMMON_BLOCKS = YES;
				GCC_OPTIMIZATION_LEVEL = 0;
				GCC_PREPROCESSOR_DEFINITIONS = (
					"DEBUG=1",
					"$(inherited)",
				);
				GCC_WARN_64_TO_32_BIT_CONVERSION = YES;
				GCC_WARN_ABOUT_RETURN_TYPE = YES_ERROR;
				GCC_WARN_UNDECLARED_SELECTOR = YES;
				GCC_WARN_UNINITIALIZED_AUTOS = YES_AGGRESSIVE;
				GCC_WARN_UNUSED_FUNCTION = YES;
				GCC_WARN_UNUSED_VARIABLE = YES;
				IPHONEOS_DEPLOYMENT_TARGET = 12.4;
				MTL_ENABLE_DEBUG_INFO = INCLUDE_SOURCE;
				MTL_FAST_MATH = YES;
				ONLY_ACTIVE_ARCH = YES;
				SDKROOT = iphoneos;
				SWIFT_ACTIVE_COMPILATION_CONDITIONS = DEBUG;
				SWIFT_OPTIMIZATION_LEVEL = "-Onone";
			};
			name = Debug;
		};
		1BE62541231788CE007F9704 /* Release */ = {
			isa = XCBuildConfiguration;
			buildSettings = {
				ALWAYS_SEARCH_USER_PATHS = NO;
				CLANG_ANALYZER_NONNULL = YES;
				CLANG_ANALYZER_NUMBER_OBJECT_CONVERSION = YES_AGGRESSIVE;
				CLANG_CXX_LANGUAGE_STANDARD = "gnu++14";
				CLANG_CXX_LIBRARY = "libc++";
				CLANG_ENABLE_MODULES = YES;
				CLANG_ENABLE_OBJC_ARC = YES;
				CLANG_ENABLE_OBJC_WEAK = YES;
				CLANG_WARN_BLOCK_CAPTURE_AUTORELEASING = YES;
				CLANG_WARN_BOOL_CONVERSION = YES;
				CLANG_WARN_COMMA = YES;
				CLANG_WARN_CONSTANT_CONVERSION = YES;
				CLANG_WARN_DEPRECATED_OBJC_IMPLEMENTATIONS = YES;
				CLANG_WARN_DIRECT_OBJC_ISA_USAGE = YES_ERROR;
				CLANG_WARN_DOCUMENTATION_COMMENTS = YES;
				CLANG_WARN_EMPTY_BODY = YES;
				CLANG_WARN_ENUM_CONVERSION = YES;
				CLANG_WARN_INFINITE_RECURSION = YES;
				CLANG_WARN_INT_CONVERSION = YES;
				CLANG_WARN_NON_LITERAL_NULL_CONVERSION = YES;
				CLANG_WARN_OBJC_IMPLICIT_RETAIN_SELF = YES;
				CLANG_WARN_OBJC_LITERAL_CONVERSION = YES;
				CLANG_WARN_OBJC_ROOT_CLASS = YES_ERROR;
				CLANG_WARN_RANGE_LOOP_ANALYSIS = YES;
				CLANG_WARN_STRICT_PROTOTYPES = YES;
				CLANG_WARN_SUSPICIOUS_MOVE = YES;
				CLANG_WARN_UNGUARDED_AVAILABILITY = YES_AGGRESSIVE;
				CLANG_WARN_UNREACHABLE_CODE = YES;
				CLANG_WARN__DUPLICATE_METHOD_MATCH = YES;
				CODE_SIGN_IDENTITY = "iPhone Developer";
				COPY_PHASE_STRIP = NO;
				DEBUG_INFORMATION_FORMAT = "dwarf-with-dsym";
				ENABLE_NS_ASSERTIONS = NO;
				ENABLE_STRICT_OBJC_MSGSEND = YES;
				GCC_C_LANGUAGE_STANDARD = gnu11;
				GCC_NO_COMMON_BLOCKS = YES;
				GCC_WARN_64_TO_32_BIT_CONVERSION = YES;
				GCC_WARN_ABOUT_RETURN_TYPE = YES_ERROR;
				GCC_WARN_UNDECLARED_SELECTOR = YES;
				GCC_WARN_UNINITIALIZED_AUTOS = YES_AGGRESSIVE;
				GCC_WARN_UNUSED_FUNCTION = YES;
				GCC_WARN_UNUSED_VARIABLE = YES;
				IPHONEOS_DEPLOYMENT_TARGET = 12.4;
				MTL_ENABLE_DEBUG_INFO = NO;
				MTL_FAST_MATH = YES;
				SDKROOT = iphoneos;
				SWIFT_COMPILATION_MODE = wholemodule;
				SWIFT_OPTIMIZATION_LEVEL = "-O";
				VALIDATE_PRODUCT = YES;
			};
			name = Release;
		};
		1BE62543231788CE007F9704 /* Debug */ = {
			isa = XCBuildConfiguration;
			buildSettings = {
				ASSETCATALOG_COMPILER_APPICON_NAME = AppIcon;
				CODE_SIGN_STYLE = Automatic;
				DEVELOPMENT_TEAM = XMHCV2L539;
				INFOPLIST_FILE = Kateruma/Info.plist;
				LD_RUNPATH_SEARCH_PATHS = (
					"$(inherited)",
					"@executable_path/Frameworks",
				);
				PRODUCT_BUNDLE_IDENTIFIER = "Team-Cook.Kateruma";
				PRODUCT_NAME = "$(TARGET_NAME)";
				SWIFT_VERSION = 5.0;
				TARGETED_DEVICE_FAMILY = "1,2";
			};
			name = Debug;
		};
		1BE62544231788CE007F9704 /* Release */ = {
			isa = XCBuildConfiguration;
			buildSettings = {
				ASSETCATALOG_COMPILER_APPICON_NAME = AppIcon;
				CODE_SIGN_STYLE = Automatic;
				DEVELOPMENT_TEAM = XMHCV2L539;
				INFOPLIST_FILE = Kateruma/Info.plist;
				LD_RUNPATH_SEARCH_PATHS = (
					"$(inherited)",
					"@executable_path/Frameworks",
				);
				PRODUCT_BUNDLE_IDENTIFIER = "Team-Cook.Kateruma";
				PRODUCT_NAME = "$(TARGET_NAME)";
				SWIFT_VERSION = 5.0;
				TARGETED_DEVICE_FAMILY = "1,2";
			};
			name = Release;
		};
/* End XCBuildConfiguration section */

/* Begin XCConfigurationList section */
		1BE6252B231788CD007F9704 /* Build configuration list for PBXProject "Kateruma" */ = {
			isa = XCConfigurationList;
			buildConfigurations = (
				1BE62540231788CE007F9704 /* Debug */,
				1BE62541231788CE007F9704 /* Release */,
			);
			defaultConfigurationIsVisible = 0;
			defaultConfigurationName = Release;
		};
		1BE62542231788CE007F9704 /* Build configuration list for PBXNativeTarget "Kateruma" */ = {
			isa = XCConfigurationList;
			buildConfigurations = (
				1BE62543231788CE007F9704 /* Debug */,
				1BE62544231788CE007F9704 /* Release */,
			);
			defaultConfigurationIsVisible = 0;
			defaultConfigurationName = Release;
		};
/* End XCConfigurationList section */
	};
	rootObject = 1BE62528231788CD007F9704 /* Project object */;
}
